
Microsoft Visual Studio Solution File, Format Version 12.00
# Visual Studio Version 17
VisualStudioVersion = 17.3.32804.467
MinimumVisualStudioVersion = 10.0.40219.1
Project("{9A19103F-16F7-4668-BE54-9A1E7A4F7556}") = "PowerHouse_desktop", "PowerHouse_desktop\PowerHouse_desktop.csproj", "{DDB7A9BC-0793-4616-8301-C581E8B1DF02}"
EndProject
Project("{840C416C-B8F3-42BC-B0DD-F6BB14C9F8CB}") = "Setup1_advinst", "Setup1_advinst\Setup1_advinst.aiproj", "{4BBDE502-ED8E-4957-A56D-F627643850AC}"
EndProject
Project("{FAE04EC0-301F-11D3-BF4B-00C04F79EFBC}") = "PowerHouseMonitor", "PowerHouseMonitor\PowerHouseMonitor.csproj", "{AA8AF48A-F113-406F-8F84-8E59BE9FE2E2}"
EndProject
Global
	GlobalSection(SolutionConfigurationPlatforms) = preSolution
		Debug|Any CPU = Debug|Any CPU
		Debug|x64 = Debug|x64
		Debug|x86 = Debug|x86
		DefaultBuild|Any CPU = DefaultBuild|Any CPU
		DefaultBuild|x64 = DefaultBuild|x64
		DefaultBuild|x86 = DefaultBuild|x86
		Release|Any CPU = Release|Any CPU
		Release|x64 = Release|x64
		Release|x86 = Release|x86
	EndGlobalSection
	GlobalSection(ProjectConfigurationPlatforms) = postSolution
		{DDB7A9BC-0793-4616-8301-C581E8B1DF02}.Debug|Any CPU.ActiveCfg = Debug|Any CPU
		{DDB7A9BC-0793-4616-8301-C581E8B1DF02}.Debug|Any CPU.Build.0 = Debug|Any CPU
		{DDB7A9BC-0793-4616-8301-C581E8B1DF02}.Debug|x64.ActiveCfg = Debug|Any CPU
		{DDB7A9BC-0793-4616-8301-C581E8B1DF02}.Debug|x64.Build.0 = Debug|Any CPU
		{DDB7A9BC-0793-4616-8301-C581E8B1DF02}.Debug|x86.ActiveCfg = Debug|Any CPU
		{DDB7A9BC-0793-4616-8301-C581E8B1DF02}.Debug|x86.Build.0 = Debug|Any CPU
		{DDB7A9BC-0793-4616-8301-C581E8B1DF02}.DefaultBuild|Any CPU.ActiveCfg = Debug|Any CPU
		{DDB7A9BC-0793-4616-8301-C581E8B1DF02}.DefaultBuild|Any CPU.Build.0 = Debug|Any CPU
		{DDB7A9BC-0793-4616-8301-C581E8B1DF02}.DefaultBuild|x64.ActiveCfg = DefaultBuild|Any CPU
		{DDB7A9BC-0793-4616-8301-C581E8B1DF02}.DefaultBuild|x64.Build.0 = DefaultBuild|Any CPU
		{DDB7A9BC-0793-4616-8301-C581E8B1DF02}.DefaultBuild|x86.ActiveCfg = DefaultBuild|Any CPU
		{DDB7A9BC-0793-4616-8301-C581E8B1DF02}.DefaultBuild|x86.Build.0 = DefaultBuild|Any CPU
		{DDB7A9BC-0793-4616-8301-C581E8B1DF02}.Release|Any CPU.ActiveCfg = Release|Any CPU
		{DDB7A9BC-0793-4616-8301-C581E8B1DF02}.Release|Any CPU.Build.0 = Release|Any CPU
		{DDB7A9BC-0793-4616-8301-C581E8B1DF02}.Release|x64.ActiveCfg = Release|Any CPU
		{DDB7A9BC-0793-4616-8301-C581E8B1DF02}.Release|x64.Build.0 = Release|Any CPU
		{DDB7A9BC-0793-4616-8301-C581E8B1DF02}.Release|x86.ActiveCfg = Release|Any CPU
		{DDB7A9BC-0793-4616-8301-C581E8B1DF02}.Release|x86.Build.0 = Release|Any CPU
		{4BBDE502-ED8E-4957-A56D-F627643850AC}.Debug|Any CPU.ActiveCfg = DefaultBuild
		{4BBDE502-ED8E-4957-A56D-F627643850AC}.Debug|Any CPU.Build.0 = DefaultBuild
		{4BBDE502-ED8E-4957-A56D-F627643850AC}.Debug|x64.ActiveCfg = Debug|x64
		{4BBDE502-ED8E-4957-A56D-F627643850AC}.Debug|x64.Build.0 = Debug|x64
		{4BBDE502-ED8E-4957-A56D-F627643850AC}.Debug|x86.ActiveCfg = Debug|x86
		{4BBDE502-ED8E-4957-A56D-F627643850AC}.Debug|x86.Build.0 = Debug|x86
		{4BBDE502-ED8E-4957-A56D-F627643850AC}.DefaultBuild|Any CPU.ActiveCfg = DefaultBuild
		{4BBDE502-ED8E-4957-A56D-F627643850AC}.DefaultBuild|Any CPU.Build.0 = DefaultBuild
		{4BBDE502-ED8E-4957-A56D-F627643850AC}.DefaultBuild|x64.ActiveCfg = DefaultBuild|x64
		{4BBDE502-ED8E-4957-A56D-F627643850AC}.DefaultBuild|x64.Build.0 = DefaultBuild|x64
		{4BBDE502-ED8E-4957-A56D-F627643850AC}.DefaultBuild|x86.ActiveCfg = DefaultBuild|x86
		{4BBDE502-ED8E-4957-A56D-F627643850AC}.DefaultBuild|x86.Build.0 = DefaultBuild|x86
		{4BBDE502-ED8E-4957-A56D-F627643850AC}.Release|Any CPU.ActiveCfg = DefaultBuild
		{4BBDE502-ED8E-4957-A56D-F627643850AC}.Release|Any CPU.Build.0 = DefaultBuild
		{4BBDE502-ED8E-4957-A56D-F627643850AC}.Release|x64.ActiveCfg = Release|x64
		{4BBDE502-ED8E-4957-A56D-F627643850AC}.Release|x64.Build.0 = Release|x64
		{4BBDE502-ED8E-4957-A56D-F627643850AC}.Release|x86.ActiveCfg = Release|x86
		{4BBDE502-ED8E-4957-A56D-F627643850AC}.Release|x86.Build.0 = Release|x86
		{AA8AF48A-F113-406F-8F84-8E59BE9FE2E2}.Debug|Any CPU.ActiveCfg = Debug|Any CPU
		{AA8AF48A-F113-406F-8F84-8E59BE9FE2E2}.Debug|Any CPU.Build.0 = Debug|Any CPU
		{AA8AF48A-F113-406F-8F84-8E59BE9FE2E2}.Debug|x64.ActiveCfg = Debug|Any CPU
		{AA8AF48A-F113-406F-8F84-8E59BE9FE2E2}.Debug|x64.Build.0 = Debug|Any CPU
		{AA8AF48A-F113-406F-8F84-8E59BE9FE2E2}.Debug|x86.ActiveCfg = Debug|Any CPU
		{AA8AF48A-F113-406F-8F84-8E59BE9FE2E2}.Debug|x86.Build.0 = Debug|Any CPU
		{AA8AF48A-F113-406F-8F84-8E59BE9FE2E2}.DefaultBuild|Any CPU.ActiveCfg = Debug|Any CPU
		{AA8AF48A-F113-406F-8F84-8E59BE9FE2E2}.DefaultBuild|Any CPU.Build.0 = Debug|Any CPU
		{AA8AF48A-F113-406F-8F84-8E59BE9FE2E2}.DefaultBuild|x64.ActiveCfg = Debug|Any CPU
		{AA8AF48A-F113-406F-8F84-8E59BE9FE2E2}.DefaultBuild|x64.Build.0 = Debug|Any CPU
		{AA8AF48A-F113-406F-8F84-8E59BE9FE2E2}.DefaultBuild|x86.ActiveCfg = Debug|Any CPU
		{AA8AF48A-F113-406F-8F84-8E59BE9FE2E2}.DefaultBuild|x86.Build.0 = Debug|Any CPU
		{AA8AF48A-F113-406F-8F84-8E59BE9FE2E2}.Release|Any CPU.ActiveCfg = Release|Any CPU
		{AA8AF48A-F113-406F-8F84-8E59BE9FE2E2}.Release|Any CPU.Build.0 = Release|Any CPU
		{AA8AF48A-F113-406F-8F84-8E59BE9FE2E2}.Release|x64.ActiveCfg = Release|Any CPU
		{AA8AF48A-F113-406F-8F84-8E59BE9FE2E2}.Release|x64.Build.0 = Release|Any CPU
		{AA8AF48A-F113-406F-8F84-8E59BE9FE2E2}.Release|x86.ActiveCfg = Release|Any CPU
		{AA8AF48A-F113-406F-8F84-8E59BE9FE2E2}.Release|x86.Build.0 = Release|Any CPU
	EndGlobalSection
	GlobalSection(SolutionProperties) = preSolution
		HideSolutionNode = FALSE
	EndGlobalSection
	GlobalSection(ExtensibilityGlobals) = postSolution
		SolutionGuid = {69C26435-1515-4485-82D9-FFEAB71E89F8}
	EndGlobalSection
EndGlobal
